
Microsoft Visual Studio Solution File, Format Version 12.00
# Visual Studio 15
VisualStudioVersion = 15.0.27130.2024
MinimumVisualStudioVersion = 10.0.40219.1
Project("{FAE04EC0-301F-11D3-BF4B-00C04F79EFBC}") = "litecart", "litecart\litecart.csproj", "{113CA5EE-A515-42BA-A2CD-3B9A1778AB99}"
EndProject
Global
	GlobalSection(SolutionConfigurationPlatforms) = preSolution
		Debug|Any CPU = Debug|Any CPU
		Release|Any CPU = Release|Any CPU
	EndGlobalSection
	GlobalSection(ProjectConfigurationPlatforms) = postSolution
		{113CA5EE-A515-42BA-A2CD-3B9A1778AB99}.Debug|Any CPU.ActiveCfg = Debug|Any CPU
		{113CA5EE-A515-42BA-A2CD-3B9A1778AB99}.Debug|Any CPU.Build.0 = Debug|Any CPU
		{113CA5EE-A515-42BA-A2CD-3B9A1778AB99}.Release|Any CPU.ActiveCfg = Release|Any CPU
		{113CA5EE-A515-42BA-A2CD-3B9A1778AB99}.Release|Any CPU.Build.0 = Release|Any CPU
	EndGlobalSection
	GlobalSection(SolutionProperties) = preSolution
		HideSolutionNode = FALSE
	EndGlobalSection
	GlobalSection(ExtensibilityGlobals) = postSolution
		SolutionGuid = {AF8EB35F-FBD8-44CB-ADB2-9F1269A0EEF9}
	EndGlobalSection
EndGlobal
