
Microsoft Visual Studio Solution File, Format Version 12.00
# Visual Studio 15
VisualStudioVersion = 15.0.27130.2024
MinimumVisualStudioVersion = 10.0.40219.1
Project("{FAE04EC0-301F-11D3-BF4B-00C04F79EFBC}") = "IncarT", "IncarT\IncarT.csproj", "{89E4F0A6-ECF6-4B09-8469-DA99CC0AA653}"
EndProject
Project("{FAE04EC0-301F-11D3-BF4B-00C04F79EFBC}") = "testDataGenerators", "testDataGenerators\testDataGenerators.csproj", "{EF6D0435-9E2B-444D-B690-D10456617703}"
	ProjectSection(ProjectDependencies) = postProject
		{89E4F0A6-ECF6-4B09-8469-DA99CC0AA653} = {89E4F0A6-ECF6-4B09-8469-DA99CC0AA653}
	EndProjectSection
EndProject
Global
	GlobalSection(SolutionConfigurationPlatforms) = preSolution
		Debug|Any CPU = Debug|Any CPU
		Release|Any CPU = Release|Any CPU
	EndGlobalSection
	GlobalSection(ProjectConfigurationPlatforms) = postSolution
		{89E4F0A6-ECF6-4B09-8469-DA99CC0AA653}.Debug|Any CPU.ActiveCfg = Debug|Any CPU
		{89E4F0A6-ECF6-4B09-8469-DA99CC0AA653}.Debug|Any CPU.Build.0 = Debug|Any CPU
		{89E4F0A6-ECF6-4B09-8469-DA99CC0AA653}.Release|Any CPU.ActiveCfg = Release|Any CPU
		{89E4F0A6-ECF6-4B09-8469-DA99CC0AA653}.Release|Any CPU.Build.0 = Release|Any CPU
		{EF6D0435-9E2B-444D-B690-D10456617703}.Debug|Any CPU.ActiveCfg = Debug|Any CPU
		{EF6D0435-9E2B-444D-B690-D10456617703}.Debug|Any CPU.Build.0 = Debug|Any CPU
		{EF6D0435-9E2B-444D-B690-D10456617703}.Release|Any CPU.ActiveCfg = Release|Any CPU
		{EF6D0435-9E2B-444D-B690-D10456617703}.Release|Any CPU.Build.0 = Release|Any CPU
	EndGlobalSection
	GlobalSection(SolutionProperties) = preSolution
		HideSolutionNode = FALSE
	EndGlobalSection
	GlobalSection(ExtensibilityGlobals) = postSolution
		SolutionGuid = {E5C647B7-48F2-4CFA-96FD-F94C8DF07041}
	EndGlobalSection
EndGlobal
